
Microsoft Visual Studio Solution File, Format Version 12.00
# Visual Studio 14
VisualStudioVersion = 14.0.25420.1
MinimumVisualStudioVersion = 10.0.40219.1
Project("{FAE04EC0-301F-11D3-BF4B-00C04F79EFBC}") = "MVApp", "MVApp\MVApp\MVApp.csproj", "{7FDE4575-2759-4EC4-AF60-C2B0EDC7E9CB}"
EndProject
Project("{FAE04EC0-301F-11D3-BF4B-00C04F79EFBC}") = "MVApp.Droid", "MVApp\MVApp.Droid\MVApp.Droid.csproj", "{8825BE2B-0C49-4530-9D4B-7DDE4449688E}"
EndProject
Project("{FAE04EC0-301F-11D3-BF4B-00C04F79EFBC}") = "MVApp.iOS", "MVApp\MVApp.iOS\MVApp.iOS.csproj", "{0A853349-5915-4279-B00C-67D1223A512D}"
EndProject
Project("{FAE04EC0-301F-11D3-BF4B-00C04F79EFBC}") = "MVApp.WinPhone", "MVApp\MVApp.WinPhone\MVApp.WinPhone.csproj", "{29598D96-F68D-4D3E-948A-414EC00CFAC1}"
EndProject
Project("{FAE04EC0-301F-11D3-BF4B-00C04F79EFBC}") = "MVApp.Windows", "MVApp\MVApp.Windows\MVApp.Windows.csproj", "{D38BC848-99C3-45CA-8160-B9C0D2FA7CA1}"
EndProject
Global
	GlobalSection(SolutionConfigurationPlatforms) = preSolution
		Ad-Hoc|Any CPU = Ad-Hoc|Any CPU
		Ad-Hoc|ARM = Ad-Hoc|ARM
		Ad-Hoc|iPhone = Ad-Hoc|iPhone
		Ad-Hoc|iPhoneSimulator = Ad-Hoc|iPhoneSimulator
		Ad-Hoc|x64 = Ad-Hoc|x64
		Ad-Hoc|x86 = Ad-Hoc|x86
		AppStore|Any CPU = AppStore|Any CPU
		AppStore|ARM = AppStore|ARM
		AppStore|iPhone = AppStore|iPhone
		AppStore|iPhoneSimulator = AppStore|iPhoneSimulator
		AppStore|x64 = AppStore|x64
		AppStore|x86 = AppStore|x86
		Debug|Any CPU = Debug|Any CPU
		Debug|ARM = Debug|ARM
		Debug|iPhone = Debug|iPhone
		Debug|iPhoneSimulator = Debug|iPhoneSimulator
		Debug|x64 = Debug|x64
		Debug|x86 = Debug|x86
		Release|Any CPU = Release|Any CPU
		Release|ARM = Release|ARM
		Release|iPhone = Release|iPhone
		Release|iPhoneSimulator = Release|iPhoneSimulator
		Release|x64 = Release|x64
		Release|x86 = Release|x86
	EndGlobalSection
	GlobalSection(ProjectConfigurationPlatforms) = postSolution
		{7FDE4575-2759-4EC4-AF60-C2B0EDC7E9CB}.Ad-Hoc|Any CPU.ActiveCfg = Release|Any CPU
		{7FDE4575-2759-4EC4-AF60-C2B0EDC7E9CB}.Ad-Hoc|Any CPU.Build.0 = Release|Any CPU
		{7FDE4575-2759-4EC4-AF60-C2B0EDC7E9CB}.Ad-Hoc|ARM.ActiveCfg = Release|Any CPU
		{7FDE4575-2759-4EC4-AF60-C2B0EDC7E9CB}.Ad-Hoc|ARM.Build.0 = Release|Any CPU
		{7FDE4575-2759-4EC4-AF60-C2B0EDC7E9CB}.Ad-Hoc|iPhone.ActiveCfg = Release|Any CPU
		{7FDE4575-2759-4EC4-AF60-C2B0EDC7E9CB}.Ad-Hoc|iPhone.Build.0 = Release|Any CPU
		{7FDE4575-2759-4EC4-AF60-C2B0EDC7E9CB}.Ad-Hoc|iPhoneSimulator.ActiveCfg = Release|Any CPU
		{7FDE4575-2759-4EC4-AF60-C2B0EDC7E9CB}.Ad-Hoc|iPhoneSimulator.Build.0 = Release|Any CPU
		{7FDE4575-2759-4EC4-AF60-C2B0EDC7E9CB}.Ad-Hoc|x64.ActiveCfg = Release|Any CPU
		{7FDE4575-2759-4EC4-AF60-C2B0EDC7E9CB}.Ad-Hoc|x64.Build.0 = Release|Any CPU
		{7FDE4575-2759-4EC4-AF60-C2B0EDC7E9CB}.Ad-Hoc|x86.ActiveCfg = Release|Any CPU
		{7FDE4575-2759-4EC4-AF60-C2B0EDC7E9CB}.Ad-Hoc|x86.Build.0 = Release|Any CPU
		{7FDE4575-2759-4EC4-AF60-C2B0EDC7E9CB}.AppStore|Any CPU.ActiveCfg = Release|Any CPU
		{7FDE4575-2759-4EC4-AF60-C2B0EDC7E9CB}.AppStore|Any CPU.Build.0 = Release|Any CPU
		{7FDE4575-2759-4EC4-AF60-C2B0EDC7E9CB}.AppStore|ARM.ActiveCfg = Release|Any CPU
		{7FDE4575-2759-4EC4-AF60-C2B0EDC7E9CB}.AppStore|ARM.Build.0 = Release|Any CPU
		{7FDE4575-2759-4EC4-AF60-C2B0EDC7E9CB}.AppStore|iPhone.ActiveCfg = Release|Any CPU
		{7FDE4575-2759-4EC4-AF60-C2B0EDC7E9CB}.AppStore|iPhone.Build.0 = Release|Any CPU
		{7FDE4575-2759-4EC4-AF60-C2B0EDC7E9CB}.AppStore|iPhoneSimulator.ActiveCfg = Release|Any CPU
		{7FDE4575-2759-4EC4-AF60-C2B0EDC7E9CB}.AppStore|iPhoneSimulator.Build.0 = Release|Any CPU
		{7FDE4575-2759-4EC4-AF60-C2B0EDC7E9CB}.AppStore|x64.ActiveCfg = Release|Any CPU
		{7FDE4575-2759-4EC4-AF60-C2B0EDC7E9CB}.AppStore|x64.Build.0 = Release|Any CPU
		{7FDE4575-2759-4EC4-AF60-C2B0EDC7E9CB}.AppStore|x86.ActiveCfg = Release|Any CPU
		{7FDE4575-2759-4EC4-AF60-C2B0EDC7E9CB}.AppStore|x86.Build.0 = Release|Any CPU
		{7FDE4575-2759-4EC4-AF60-C2B0EDC7E9CB}.Debug|Any CPU.ActiveCfg = Debug|Any CPU
		{7FDE4575-2759-4EC4-AF60-C2B0EDC7E9CB}.Debug|Any CPU.Build.0 = Debug|Any CPU
		{7FDE4575-2759-4EC4-AF60-C2B0EDC7E9CB}.Debug|ARM.ActiveCfg = Debug|Any CPU
		{7FDE4575-2759-4EC4-AF60-C2B0EDC7E9CB}.Debug|ARM.Build.0 = Debug|Any CPU
		{7FDE4575-2759-4EC4-AF60-C2B0EDC7E9CB}.Debug|iPhone.ActiveCfg = Debug|Any CPU
		{7FDE4575-2759-4EC4-AF60-C2B0EDC7E9CB}.Debug|iPhone.Build.0 = Debug|Any CPU
		{7FDE4575-2759-4EC4-AF60-C2B0EDC7E9CB}.Debug|iPhoneSimulator.ActiveCfg = Debug|Any CPU
		{7FDE4575-2759-4EC4-AF60-C2B0EDC7E9CB}.Debug|iPhoneSimulator.Build.0 = Debug|Any CPU
		{7FDE4575-2759-4EC4-AF60-C2B0EDC7E9CB}.Debug|x64.ActiveCfg = Debug|Any CPU
		{7FDE4575-2759-4EC4-AF60-C2B0EDC7E9CB}.Debug|x64.Build.0 = Debug|Any CPU
		{7FDE4575-2759-4EC4-AF60-C2B0EDC7E9CB}.Debug|x86.ActiveCfg = Debug|Any CPU
		{7FDE4575-2759-4EC4-AF60-C2B0EDC7E9CB}.Debug|x86.Build.0 = Debug|Any CPU
		{7FDE4575-2759-4EC4-AF60-C2B0EDC7E9CB}.Release|Any CPU.ActiveCfg = Release|Any CPU
		{7FDE4575-2759-4EC4-AF60-C2B0EDC7E9CB}.Release|Any CPU.Build.0 = Release|Any CPU
		{7FDE4575-2759-4EC4-AF60-C2B0EDC7E9CB}.Release|ARM.ActiveCfg = Release|Any CPU
		{7FDE4575-2759-4EC4-AF60-C2B0EDC7E9CB}.Release|ARM.Build.0 = Release|Any CPU
		{7FDE4575-2759-4EC4-AF60-C2B0EDC7E9CB}.Release|iPhone.ActiveCfg = Release|Any CPU
		{7FDE4575-2759-4EC4-AF60-C2B0EDC7E9CB}.Release|iPhone.Build.0 = Release|Any CPU
		{7FDE4575-2759-4EC4-AF60-C2B0EDC7E9CB}.Release|iPhoneSimulator.ActiveCfg = Release|Any CPU
		{7FDE4575-2759-4EC4-AF60-C2B0EDC7E9CB}.Release|iPhoneSimulator.Build.0 = Release|Any CPU
		{7FDE4575-2759-4EC4-AF60-C2B0EDC7E9CB}.Release|x64.ActiveCfg = Release|Any CPU
		{7FDE4575-2759-4EC4-AF60-C2B0EDC7E9CB}.Release|x64.Build.0 = Release|Any CPU
		{7FDE4575-2759-4EC4-AF60-C2B0EDC7E9CB}.Release|x86.ActiveCfg = Release|Any CPU
		{7FDE4575-2759-4EC4-AF60-C2B0EDC7E9CB}.Release|x86.Build.0 = Release|Any CPU
		{8825BE2B-0C49-4530-9D4B-7DDE4449688E}.Ad-Hoc|Any CPU.ActiveCfg = Release|Any CPU
		{8825BE2B-0C49-4530-9D4B-7DDE4449688E}.Ad-Hoc|Any CPU.Build.0 = Release|Any CPU
		{8825BE2B-0C49-4530-9D4B-7DDE4449688E}.Ad-Hoc|Any CPU.Deploy.0 = Release|Any CPU
		{8825BE2B-0C49-4530-9D4B-7DDE4449688E}.Ad-Hoc|ARM.ActiveCfg = Release|Any CPU
		{8825BE2B-0C49-4530-9D4B-7DDE4449688E}.Ad-Hoc|ARM.Build.0 = Release|Any CPU
		{8825BE2B-0C49-4530-9D4B-7DDE4449688E}.Ad-Hoc|ARM.Deploy.0 = Release|Any CPU
		{8825BE2B-0C49-4530-9D4B-7DDE4449688E}.Ad-Hoc|iPhone.ActiveCfg = Release|Any CPU
		{8825BE2B-0C49-4530-9D4B-7DDE4449688E}.Ad-Hoc|iPhone.Build.0 = Release|Any CPU
		{8825BE2B-0C49-4530-9D4B-7DDE4449688E}.Ad-Hoc|iPhone.Deploy.0 = Release|Any CPU
		{8825BE2B-0C49-4530-9D4B-7DDE4449688E}.Ad-Hoc|iPhoneSimulator.ActiveCfg = Release|Any CPU
		{8825BE2B-0C49-4530-9D4B-7DDE4449688E}.Ad-Hoc|iPhoneSimulator.Build.0 = Release|Any CPU
		{8825BE2B-0C49-4530-9D4B-7DDE4449688E}.Ad-Hoc|iPhoneSimulator.Deploy.0 = Release|Any CPU
		{8825BE2B-0C49-4530-9D4B-7DDE4449688E}.Ad-Hoc|x64.ActiveCfg = Release|Any CPU
		{8825BE2B-0C49-4530-9D4B-7DDE4449688E}.Ad-Hoc|x64.Build.0 = Release|Any CPU
		{8825BE2B-0C49-4530-9D4B-7DDE4449688E}.Ad-Hoc|x64.Deploy.0 = Release|Any CPU
		{8825BE2B-0C49-4530-9D4B-7DDE4449688E}.Ad-Hoc|x86.ActiveCfg = Release|Any CPU
		{8825BE2B-0C49-4530-9D4B-7DDE4449688E}.Ad-Hoc|x86.Build.0 = Release|Any CPU
		{8825BE2B-0C49-4530-9D4B-7DDE4449688E}.Ad-Hoc|x86.Deploy.0 = Release|Any CPU
		{8825BE2B-0C49-4530-9D4B-7DDE4449688E}.AppStore|Any CPU.ActiveCfg = Release|Any CPU
		{8825BE2B-0C49-4530-9D4B-7DDE4449688E}.AppStore|Any CPU.Build.0 = Release|Any CPU
		{8825BE2B-0C49-4530-9D4B-7DDE4449688E}.AppStore|Any CPU.Deploy.0 = Release|Any CPU
		{8825BE2B-0C49-4530-9D4B-7DDE4449688E}.AppStore|ARM.ActiveCfg = Release|Any CPU
		{8825BE2B-0C49-4530-9D4B-7DDE4449688E}.AppStore|ARM.Build.0 = Release|Any CPU
		{8825BE2B-0C49-4530-9D4B-7DDE4449688E}.AppStore|ARM.Deploy.0 = Release|Any CPU
		{8825BE2B-0C49-4530-9D4B-7DDE4449688E}.AppStore|iPhone.ActiveCfg = Release|Any CPU
		{8825BE2B-0C49-4530-9D4B-7DDE4449688E}.AppStore|iPhone.Build.0 = Release|Any CPU
		{8825BE2B-0C49-4530-9D4B-7DDE4449688E}.AppStore|iPhone.Deploy.0 = Release|Any CPU
		{8825BE2B-0C49-4530-9D4B-7DDE4449688E}.AppStore|iPhoneSimulator.ActiveCfg = Release|Any CPU
		{8825BE2B-0C49-4530-9D4B-7DDE4449688E}.AppStore|iPhoneSimulator.Build.0 = Release|Any CPU
		{8825BE2B-0C49-4530-9D4B-7DDE4449688E}.AppStore|iPhoneSimulator.Deploy.0 = Release|Any CPU
		{8825BE2B-0C49-4530-9D4B-7DDE4449688E}.AppStore|x64.ActiveCfg = Release|Any CPU
		{8825BE2B-0C49-4530-9D4B-7DDE4449688E}.AppStore|x64.Build.0 = Release|Any CPU
		{8825BE2B-0C49-4530-9D4B-7DDE4449688E}.AppStore|x64.Deploy.0 = Release|Any CPU
		{8825BE2B-0C49-4530-9D4B-7DDE4449688E}.AppStore|x86.ActiveCfg = Release|Any CPU
		{8825BE2B-0C49-4530-9D4B-7DDE4449688E}.AppStore|x86.Build.0 = Release|Any CPU
		{8825BE2B-0C49-4530-9D4B-7DDE4449688E}.AppStore|x86.Deploy.0 = Release|Any CPU
		{8825BE2B-0C49-4530-9D4B-7DDE4449688E}.Debug|Any CPU.ActiveCfg = Debug|Any CPU
		{8825BE2B-0C49-4530-9D4B-7DDE4449688E}.Debug|Any CPU.Build.0 = Debug|Any CPU
		{8825BE2B-0C49-4530-9D4B-7DDE4449688E}.Debug|Any CPU.Deploy.0 = Debug|Any CPU
		{8825BE2B-0C49-4530-9D4B-7DDE4449688E}.Debug|ARM.ActiveCfg = Debug|Any CPU
		{8825BE2B-0C49-4530-9D4B-7DDE4449688E}.Debug|ARM.Build.0 = Debug|Any CPU
		{8825BE2B-0C49-4530-9D4B-7DDE4449688E}.Debug|ARM.Deploy.0 = Debug|Any CPU
		{8825BE2B-0C49-4530-9D4B-7DDE4449688E}.Debug|iPhone.ActiveCfg = Debug|Any CPU
		{8825BE2B-0C49-4530-9D4B-7DDE4449688E}.Debug|iPhone.Build.0 = Debug|Any CPU
		{8825BE2B-0C49-4530-9D4B-7DDE4449688E}.Debug|iPhone.Deploy.0 = Debug|Any CPU
		{8825BE2B-0C49-4530-9D4B-7DDE4449688E}.Debug|iPhoneSimulator.ActiveCfg = Debug|Any CPU
		{8825BE2B-0C49-4530-9D4B-7DDE4449688E}.Debug|iPhoneSimulator.Build.0 = Debug|Any CPU
		{8825BE2B-0C49-4530-9D4B-7DDE4449688E}.Debug|iPhoneSimulator.Deploy.0 = Debug|Any CPU
		{8825BE2B-0C49-4530-9D4B-7DDE4449688E}.Debug|x64.ActiveCfg = Debug|Any CPU
		{8825BE2B-0C49-4530-9D4B-7DDE4449688E}.Debug|x64.Build.0 = Debug|Any CPU
		{8825BE2B-0C49-4530-9D4B-7DDE4449688E}.Debug|x64.Deploy.0 = Debug|Any CPU
		{8825BE2B-0C49-4530-9D4B-7DDE4449688E}.Debug|x86.ActiveCfg = Debug|Any CPU
		{8825BE2B-0C49-4530-9D4B-7DDE4449688E}.Debug|x86.Build.0 = Debug|Any CPU
		{8825BE2B-0C49-4530-9D4B-7DDE4449688E}.Debug|x86.Deploy.0 = Debug|Any CPU
		{8825BE2B-0C49-4530-9D4B-7DDE4449688E}.Release|Any CPU.ActiveCfg = Release|Any CPU
		{8825BE2B-0C49-4530-9D4B-7DDE4449688E}.Release|Any CPU.Build.0 = Release|Any CPU
		{8825BE2B-0C49-4530-9D4B-7DDE4449688E}.Release|Any CPU.Deploy.0 = Release|Any CPU
		{8825BE2B-0C49-4530-9D4B-7DDE4449688E}.Release|ARM.ActiveCfg = Release|Any CPU
		{8825BE2B-0C49-4530-9D4B-7DDE4449688E}.Release|ARM.Build.0 = Release|Any CPU
		{8825BE2B-0C49-4530-9D4B-7DDE4449688E}.Release|ARM.Deploy.0 = Release|Any CPU
		{8825BE2B-0C49-4530-9D4B-7DDE4449688E}.Release|iPhone.ActiveCfg = Release|Any CPU
		{8825BE2B-0C49-4530-9D4B-7DDE4449688E}.Release|iPhone.Build.0 = Release|Any CPU
		{8825BE2B-0C49-4530-9D4B-7DDE4449688E}.Release|iPhone.Deploy.0 = Release|Any CPU
		{8825BE2B-0C49-4530-9D4B-7DDE4449688E}.Release|iPhoneSimulator.ActiveCfg = Release|Any CPU
		{8825BE2B-0C49-4530-9D4B-7DDE4449688E}.Release|iPhoneSimulator.Build.0 = Release|Any CPU
		{8825BE2B-0C49-4530-9D4B-7DDE4449688E}.Release|iPhoneSimulator.Deploy.0 = Release|Any CPU
		{8825BE2B-0C49-4530-9D4B-7DDE4449688E}.Release|x64.ActiveCfg = Release|Any CPU
		{8825BE2B-0C49-4530-9D4B-7DDE4449688E}.Release|x64.Build.0 = Release|Any CPU
		{8825BE2B-0C49-4530-9D4B-7DDE4449688E}.Release|x64.Deploy.0 = Release|Any CPU
		{8825BE2B-0C49-4530-9D4B-7DDE4449688E}.Release|x86.ActiveCfg = Release|Any CPU
		{8825BE2B-0C49-4530-9D4B-7DDE4449688E}.Release|x86.Build.0 = Release|Any CPU
		{8825BE2B-0C49-4530-9D4B-7DDE4449688E}.Release|x86.Deploy.0 = Release|Any CPU
		{0A853349-5915-4279-B00C-67D1223A512D}.Ad-Hoc|Any CPU.ActiveCfg = Ad-Hoc|iPhone
		{0A853349-5915-4279-B00C-67D1223A512D}.Ad-Hoc|ARM.ActiveCfg = Ad-Hoc|iPhone
		{0A853349-5915-4279-B00C-67D1223A512D}.Ad-Hoc|iPhone.ActiveCfg = Ad-Hoc|iPhone
		{0A853349-5915-4279-B00C-67D1223A512D}.Ad-Hoc|iPhone.Build.0 = Ad-Hoc|iPhone
		{0A853349-5915-4279-B00C-67D1223A512D}.Ad-Hoc|iPhoneSimulator.ActiveCfg = Ad-Hoc|iPhoneSimulator
		{0A853349-5915-4279-B00C-67D1223A512D}.Ad-Hoc|iPhoneSimulator.Build.0 = Ad-Hoc|iPhoneSimulator
		{0A853349-5915-4279-B00C-67D1223A512D}.Ad-Hoc|x64.ActiveCfg = Ad-Hoc|iPhone
		{0A853349-5915-4279-B00C-67D1223A512D}.Ad-Hoc|x86.ActiveCfg = Ad-Hoc|iPhone
		{0A853349-5915-4279-B00C-67D1223A512D}.AppStore|Any CPU.ActiveCfg = AppStore|iPhone
		{0A853349-5915-4279-B00C-67D1223A512D}.AppStore|ARM.ActiveCfg = AppStore|iPhone
		{0A853349-5915-4279-B00C-67D1223A512D}.AppStore|iPhone.ActiveCfg = AppStore|iPhone
		{0A853349-5915-4279-B00C-67D1223A512D}.AppStore|iPhone.Build.0 = AppStore|iPhone
		{0A853349-5915-4279-B00C-67D1223A512D}.AppStore|iPhoneSimulator.ActiveCfg = AppStore|iPhoneSimulator
		{0A853349-5915-4279-B00C-67D1223A512D}.AppStore|iPhoneSimulator.Build.0 = AppStore|iPhoneSimulator
		{0A853349-5915-4279-B00C-67D1223A512D}.AppStore|x64.ActiveCfg = AppStore|iPhone
		{0A853349-5915-4279-B00C-67D1223A512D}.AppStore|x86.ActiveCfg = AppStore|iPhone
		{0A853349-5915-4279-B00C-67D1223A512D}.Debug|Any CPU.ActiveCfg = Debug|iPhone
		{0A853349-5915-4279-B00C-67D1223A512D}.Debug|ARM.ActiveCfg = Debug|iPhone
		{0A853349-5915-4279-B00C-67D1223A512D}.Debug|iPhone.ActiveCfg = Debug|iPhone
		{0A853349-5915-4279-B00C-67D1223A512D}.Debug|iPhone.Build.0 = Debug|iPhone
		{0A853349-5915-4279-B00C-67D1223A512D}.Debug|iPhoneSimulator.ActiveCfg = Debug|iPhoneSimulator
		{0A853349-5915-4279-B00C-67D1223A512D}.Debug|iPhoneSimulator.Build.0 = Debug|iPhoneSimulator
		{0A853349-5915-4279-B00C-67D1223A512D}.Debug|x64.ActiveCfg = Debug|iPhone
		{0A853349-5915-4279-B00C-67D1223A512D}.Debug|x86.ActiveCfg = Debug|iPhone
		{0A853349-5915-4279-B00C-67D1223A512D}.Release|Any CPU.ActiveCfg = Release|iPhone
		{0A853349-5915-4279-B00C-67D1223A512D}.Release|ARM.ActiveCfg = Release|iPhone
		{0A853349-5915-4279-B00C-67D1223A512D}.Release|iPhone.ActiveCfg = Release|iPhone
		{0A853349-5915-4279-B00C-67D1223A512D}.Release|iPhone.Build.0 = Release|iPhone
		{0A853349-5915-4279-B00C-67D1223A512D}.Release|iPhoneSimulator.ActiveCfg = Release|iPhoneSimulator
		{0A853349-5915-4279-B00C-67D1223A512D}.Release|iPhoneSimulator.Build.0 = Release|iPhoneSimulator
		{0A853349-5915-4279-B00C-67D1223A512D}.Release|x64.ActiveCfg = Release|iPhone
		{0A853349-5915-4279-B00C-67D1223A512D}.Release|x86.ActiveCfg = Release|iPhone
		{29598D96-F68D-4D3E-948A-414EC00CFAC1}.Ad-Hoc|Any CPU.ActiveCfg = Release|Any CPU
		{29598D96-F68D-4D3E-948A-414EC00CFAC1}.Ad-Hoc|Any CPU.Build.0 = Release|Any CPU
		{29598D96-F68D-4D3E-948A-414EC00CFAC1}.Ad-Hoc|Any CPU.Deploy.0 = Release|Any CPU
		{29598D96-F68D-4D3E-948A-414EC00CFAC1}.Ad-Hoc|ARM.ActiveCfg = Release|ARM
		{29598D96-F68D-4D3E-948A-414EC00CFAC1}.Ad-Hoc|ARM.Build.0 = Release|ARM
		{29598D96-F68D-4D3E-948A-414EC00CFAC1}.Ad-Hoc|ARM.Deploy.0 = Release|ARM
		{29598D96-F68D-4D3E-948A-414EC00CFAC1}.Ad-Hoc|iPhone.ActiveCfg = Release|Any CPU
		{29598D96-F68D-4D3E-948A-414EC00CFAC1}.Ad-Hoc|iPhone.Build.0 = Release|Any CPU
		{29598D96-F68D-4D3E-948A-414EC00CFAC1}.Ad-Hoc|iPhone.Deploy.0 = Release|Any CPU
		{29598D96-F68D-4D3E-948A-414EC00CFAC1}.Ad-Hoc|iPhoneSimulator.ActiveCfg = Release|Any CPU
		{29598D96-F68D-4D3E-948A-414EC00CFAC1}.Ad-Hoc|iPhoneSimulator.Build.0 = Release|Any CPU
		{29598D96-F68D-4D3E-948A-414EC00CFAC1}.Ad-Hoc|iPhoneSimulator.Deploy.0 = Release|Any CPU
		{29598D96-F68D-4D3E-948A-414EC00CFAC1}.Ad-Hoc|x64.ActiveCfg = Release|Any CPU
		{29598D96-F68D-4D3E-948A-414EC00CFAC1}.Ad-Hoc|x64.Build.0 = Release|Any CPU
		{29598D96-F68D-4D3E-948A-414EC00CFAC1}.Ad-Hoc|x64.Deploy.0 = Release|Any CPU
		{29598D96-F68D-4D3E-948A-414EC00CFAC1}.Ad-Hoc|x86.ActiveCfg = Release|x86
		{29598D96-F68D-4D3E-948A-414EC00CFAC1}.Ad-Hoc|x86.Build.0 = Release|x86
		{29598D96-F68D-4D3E-948A-414EC00CFAC1}.Ad-Hoc|x86.Deploy.0 = Release|x86
		{29598D96-F68D-4D3E-948A-414EC00CFAC1}.AppStore|Any CPU.ActiveCfg = Release|Any CPU
		{29598D96-F68D-4D3E-948A-414EC00CFAC1}.AppStore|Any CPU.Build.0 = Release|Any CPU
		{29598D96-F68D-4D3E-948A-414EC00CFAC1}.AppStore|Any CPU.Deploy.0 = Release|Any CPU
		{29598D96-F68D-4D3E-948A-414EC00CFAC1}.AppStore|ARM.ActiveCfg = Release|ARM
		{29598D96-F68D-4D3E-948A-414EC00CFAC1}.AppStore|ARM.Build.0 = Release|ARM
		{29598D96-F68D-4D3E-948A-414EC00CFAC1}.AppStore|ARM.Deploy.0 = Release|ARM
		{29598D96-F68D-4D3E-948A-414EC00CFAC1}.AppStore|iPhone.ActiveCfg = Release|Any CPU
		{29598D96-F68D-4D3E-948A-414EC00CFAC1}.AppStore|iPhone.Build.0 = Release|Any CPU
		{29598D96-F68D-4D3E-948A-414EC00CFAC1}.AppStore|iPhone.Deploy.0 = Release|Any CPU
		{29598D96-F68D-4D3E-948A-414EC00CFAC1}.AppStore|iPhoneSimulator.ActiveCfg = Release|Any CPU
		{29598D96-F68D-4D3E-948A-414EC00CFAC1}.AppStore|iPhoneSimulator.Build.0 = Release|Any CPU
		{29598D96-F68D-4D3E-948A-414EC00CFAC1}.AppStore|iPhoneSimulator.Deploy.0 = Release|Any CPU
		{29598D96-F68D-4D3E-948A-414EC00CFAC1}.AppStore|x64.ActiveCfg = Release|Any CPU
		{29598D96-F68D-4D3E-948A-414EC00CFAC1}.AppStore|x64.Build.0 = Release|Any CPU
		{29598D96-F68D-4D3E-948A-414EC00CFAC1}.AppStore|x64.Deploy.0 = Release|Any CPU
		{29598D96-F68D-4D3E-948A-414EC00CFAC1}.AppStore|x86.ActiveCfg = Release|x86
		{29598D96-F68D-4D3E-948A-414EC00CFAC1}.AppStore|x86.Build.0 = Release|x86
		{29598D96-F68D-4D3E-948A-414EC00CFAC1}.AppStore|x86.Deploy.0 = Release|x86
		{29598D96-F68D-4D3E-948A-414EC00CFAC1}.Debug|Any CPU.ActiveCfg = Debug|Any CPU
		{29598D96-F68D-4D3E-948A-414EC00CFAC1}.Debug|Any CPU.Build.0 = Debug|Any CPU
		{29598D96-F68D-4D3E-948A-414EC00CFAC1}.Debug|Any CPU.Deploy.0 = Debug|Any CPU
		{29598D96-F68D-4D3E-948A-414EC00CFAC1}.Debug|ARM.ActiveCfg = Debug|ARM
		{29598D96-F68D-4D3E-948A-414EC00CFAC1}.Debug|ARM.Build.0 = Debug|ARM
		{29598D96-F68D-4D3E-948A-414EC00CFAC1}.Debug|ARM.Deploy.0 = Debug|ARM
		{29598D96-F68D-4D3E-948A-414EC00CFAC1}.Debug|iPhone.ActiveCfg = Debug|Any CPU
		{29598D96-F68D-4D3E-948A-414EC00CFAC1}.Debug|iPhone.Build.0 = Debug|Any CPU
		{29598D96-F68D-4D3E-948A-414EC00CFAC1}.Debug|iPhone.Deploy.0 = Debug|Any CPU
		{29598D96-F68D-4D3E-948A-414EC00CFAC1}.Debug|iPhoneSimulator.ActiveCfg = Debug|Any CPU
		{29598D96-F68D-4D3E-948A-414EC00CFAC1}.Debug|iPhoneSimulator.Build.0 = Debug|Any CPU
		{29598D96-F68D-4D3E-948A-414EC00CFAC1}.Debug|iPhoneSimulator.Deploy.0 = Debug|Any CPU
		{29598D96-F68D-4D3E-948A-414EC00CFAC1}.Debug|x64.ActiveCfg = Debug|Any CPU
		{29598D96-F68D-4D3E-948A-414EC00CFAC1}.Debug|x64.Build.0 = Debug|Any CPU
		{29598D96-F68D-4D3E-948A-414EC00CFAC1}.Debug|x64.Deploy.0 = Debug|Any CPU
		{29598D96-F68D-4D3E-948A-414EC00CFAC1}.Debug|x86.ActiveCfg = Debug|x86
		{29598D96-F68D-4D3E-948A-414EC00CFAC1}.Debug|x86.Build.0 = Debug|x86
		{29598D96-F68D-4D3E-948A-414EC00CFAC1}.Debug|x86.Deploy.0 = Debug|x86
		{29598D96-F68D-4D3E-948A-414EC00CFAC1}.Release|Any CPU.ActiveCfg = Release|Any CPU
		{29598D96-F68D-4D3E-948A-414EC00CFAC1}.Release|Any CPU.Build.0 = Release|Any CPU
		{29598D96-F68D-4D3E-948A-414EC00CFAC1}.Release|Any CPU.Deploy.0 = Release|Any CPU
		{29598D96-F68D-4D3E-948A-414EC00CFAC1}.Release|ARM.ActiveCfg = Release|ARM
		{29598D96-F68D-4D3E-948A-414EC00CFAC1}.Release|ARM.Build.0 = Release|ARM
		{29598D96-F68D-4D3E-948A-414EC00CFAC1}.Release|ARM.Deploy.0 = Release|ARM
		{29598D96-F68D-4D3E-948A-414EC00CFAC1}.Release|iPhone.ActiveCfg = Release|Any CPU
		{29598D96-F68D-4D3E-948A-414EC00CFAC1}.Release|iPhone.Build.0 = Release|Any CPU
		{29598D96-F68D-4D3E-948A-414EC00CFAC1}.Release|iPhone.Deploy.0 = Release|Any CPU
		{29598D96-F68D-4D3E-948A-414EC00CFAC1}.Release|iPhoneSimulator.ActiveCfg = Release|Any CPU
		{29598D96-F68D-4D3E-948A-414EC00CFAC1}.Release|iPhoneSimulator.Build.0 = Release|Any CPU
		{29598D96-F68D-4D3E-948A-414EC00CFAC1}.Release|iPhoneSimulator.Deploy.0 = Release|Any CPU
		{29598D96-F68D-4D3E-948A-414EC00CFAC1}.Release|x64.ActiveCfg = Release|Any CPU
		{29598D96-F68D-4D3E-948A-414EC00CFAC1}.Release|x64.Build.0 = Release|Any CPU
		{29598D96-F68D-4D3E-948A-414EC00CFAC1}.Release|x64.Deploy.0 = Release|Any CPU
		{29598D96-F68D-4D3E-948A-414EC00CFAC1}.Release|x86.ActiveCfg = Release|x86
		{29598D96-F68D-4D3E-948A-414EC00CFAC1}.Release|x86.Build.0 = Release|x86
		{29598D96-F68D-4D3E-948A-414EC00CFAC1}.Release|x86.Deploy.0 = Release|x86
		{D38BC848-99C3-45CA-8160-B9C0D2FA7CA1}.Ad-Hoc|Any CPU.ActiveCfg = Release|Any CPU
		{D38BC848-99C3-45CA-8160-B9C0D2FA7CA1}.Ad-Hoc|Any CPU.Build.0 = Release|Any CPU
		{D38BC848-99C3-45CA-8160-B9C0D2FA7CA1}.Ad-Hoc|Any CPU.Deploy.0 = Release|Any CPU
		{D38BC848-99C3-45CA-8160-B9C0D2FA7CA1}.Ad-Hoc|ARM.ActiveCfg = Release|ARM
		{D38BC848-99C3-45CA-8160-B9C0D2FA7CA1}.Ad-Hoc|ARM.Build.0 = Release|ARM
		{D38BC848-99C3-45CA-8160-B9C0D2FA7CA1}.Ad-Hoc|ARM.Deploy.0 = Release|ARM
		{D38BC848-99C3-45CA-8160-B9C0D2FA7CA1}.Ad-Hoc|iPhone.ActiveCfg = Release|Any CPU
		{D38BC848-99C3-45CA-8160-B9C0D2FA7CA1}.Ad-Hoc|iPhone.Build.0 = Release|Any CPU
		{D38BC848-99C3-45CA-8160-B9C0D2FA7CA1}.Ad-Hoc|iPhone.Deploy.0 = Release|Any CPU
		{D38BC848-99C3-45CA-8160-B9C0D2FA7CA1}.Ad-Hoc|iPhoneSimulator.ActiveCfg = Release|Any CPU
		{D38BC848-99C3-45CA-8160-B9C0D2FA7CA1}.Ad-Hoc|iPhoneSimulator.Build.0 = Release|Any CPU
		{D38BC848-99C3-45CA-8160-B9C0D2FA7CA1}.Ad-Hoc|iPhoneSimulator.Deploy.0 = Release|Any CPU
		{D38BC848-99C3-45CA-8160-B9C0D2FA7CA1}.Ad-Hoc|x64.ActiveCfg = Release|x64
		{D38BC848-99C3-45CA-8160-B9C0D2FA7CA1}.Ad-Hoc|x64.Build.0 = Release|x64
		{D38BC848-99C3-45CA-8160-B9C0D2FA7CA1}.Ad-Hoc|x64.Deploy.0 = Release|x64
		{D38BC848-99C3-45CA-8160-B9C0D2FA7CA1}.Ad-Hoc|x86.ActiveCfg = Release|x86
		{D38BC848-99C3-45CA-8160-B9C0D2FA7CA1}.Ad-Hoc|x86.Build.0 = Release|x86
		{D38BC848-99C3-45CA-8160-B9C0D2FA7CA1}.Ad-Hoc|x86.Deploy.0 = Release|x86
		{D38BC848-99C3-45CA-8160-B9C0D2FA7CA1}.AppStore|Any CPU.ActiveCfg = Release|Any CPU
		{D38BC848-99C3-45CA-8160-B9C0D2FA7CA1}.AppStore|Any CPU.Build.0 = Release|Any CPU
		{D38BC848-99C3-45CA-8160-B9C0D2FA7CA1}.AppStore|Any CPU.Deploy.0 = Release|Any CPU
		{D38BC848-99C3-45CA-8160-B9C0D2FA7CA1}.AppStore|ARM.ActiveCfg = Release|ARM
		{D38BC848-99C3-45CA-8160-B9C0D2FA7CA1}.AppStore|ARM.Build.0 = Release|ARM
		{D38BC848-99C3-45CA-8160-B9C0D2FA7CA1}.AppStore|ARM.Deploy.0 = Release|ARM
		{D38BC848-99C3-45CA-8160-B9C0D2FA7CA1}.AppStore|iPhone.ActiveCfg = Release|Any CPU
		{D38BC848-99C3-45CA-8160-B9C0D2FA7CA1}.AppStore|iPhone.Build.0 = Release|Any CPU
		{D38BC848-99C3-45CA-8160-B9C0D2FA7CA1}.AppStore|iPhone.Deploy.0 = Release|Any CPU
		{D38BC848-99C3-45CA-8160-B9C0D2FA7CA1}.AppStore|iPhoneSimulator.ActiveCfg = Release|Any CPU
		{D38BC848-99C3-45CA-8160-B9C0D2FA7CA1}.AppStore|iPhoneSimulator.Build.0 = Release|Any CPU
		{D38BC848-99C3-45CA-8160-B9C0D2FA7CA1}.AppStore|iPhoneSimulator.Deploy.0 = Release|Any CPU
		{D38BC848-99C3-45CA-8160-B9C0D2FA7CA1}.AppStore|x64.ActiveCfg = Release|x64
		{D38BC848-99C3-45CA-8160-B9C0D2FA7CA1}.AppStore|x64.Build.0 = Release|x64
		{D38BC848-99C3-45CA-8160-B9C0D2FA7CA1}.AppStore|x64.Deploy.0 = Release|x64
		{D38BC848-99C3-45CA-8160-B9C0D2FA7CA1}.AppStore|x86.ActiveCfg = Release|x86
		{D38BC848-99C3-45CA-8160-B9C0D2FA7CA1}.AppStore|x86.Build.0 = Release|x86
		{D38BC848-99C3-45CA-8160-B9C0D2FA7CA1}.AppStore|x86.Deploy.0 = Release|x86
		{D38BC848-99C3-45CA-8160-B9C0D2FA7CA1}.Debug|Any CPU.ActiveCfg = Debug|Any CPU
		{D38BC848-99C3-45CA-8160-B9C0D2FA7CA1}.Debug|Any CPU.Build.0 = Debug|Any CPU
		{D38BC848-99C3-45CA-8160-B9C0D2FA7CA1}.Debug|Any CPU.Deploy.0 = Debug|Any CPU
		{D38BC848-99C3-45CA-8160-B9C0D2FA7CA1}.Debug|ARM.ActiveCfg = Debug|ARM
		{D38BC848-99C3-45CA-8160-B9C0D2FA7CA1}.Debug|ARM.Build.0 = Debug|ARM
		{D38BC848-99C3-45CA-8160-B9C0D2FA7CA1}.Debug|ARM.Deploy.0 = Debug|ARM
		{D38BC848-99C3-45CA-8160-B9C0D2FA7CA1}.Debug|iPhone.ActiveCfg = Debug|Any CPU
		{D38BC848-99C3-45CA-8160-B9C0D2FA7CA1}.Debug|iPhone.Build.0 = Debug|Any CPU
		{D38BC848-99C3-45CA-8160-B9C0D2FA7CA1}.Debug|iPhone.Deploy.0 = Debug|Any CPU
		{D38BC848-99C3-45CA-8160-B9C0D2FA7CA1}.Debug|iPhoneSimulator.ActiveCfg = Debug|Any CPU
		{D38BC848-99C3-45CA-8160-B9C0D2FA7CA1}.Debug|iPhoneSimulator.Build.0 = Debug|Any CPU
		{D38BC848-99C3-45CA-8160-B9C0D2FA7CA1}.Debug|iPhoneSimulator.Deploy.0 = Debug|Any CPU
		{D38BC848-99C3-45CA-8160-B9C0D2FA7CA1}.Debug|x64.ActiveCfg = Debug|x64
		{D38BC848-99C3-45CA-8160-B9C0D2FA7CA1}.Debug|x64.Build.0 = Debug|x64
		{D38BC848-99C3-45CA-8160-B9C0D2FA7CA1}.Debug|x64.Deploy.0 = Debug|x64
		{D38BC848-99C3-45CA-8160-B9C0D2FA7CA1}.Debug|x86.ActiveCfg = Debug|x86
		{D38BC848-99C3-45CA-8160-B9C0D2FA7CA1}.Debug|x86.Build.0 = Debug|x86
		{D38BC848-99C3-45CA-8160-B9C0D2FA7CA1}.Debug|x86.Deploy.0 = Debug|x86
		{D38BC848-99C3-45CA-8160-B9C0D2FA7CA1}.Release|Any CPU.ActiveCfg = Release|Any CPU
		{D38BC848-99C3-45CA-8160-B9C0D2FA7CA1}.Release|Any CPU.Build.0 = Release|Any CPU
		{D38BC848-99C3-45CA-8160-B9C0D2FA7CA1}.Release|Any CPU.Deploy.0 = Release|Any CPU
		{D38BC848-99C3-45CA-8160-B9C0D2FA7CA1}.Release|ARM.ActiveCfg = Release|ARM
		{D38BC848-99C3-45CA-8160-B9C0D2FA7CA1}.Release|ARM.Build.0 = Release|ARM
		{D38BC848-99C3-45CA-8160-B9C0D2FA7CA1}.Release|ARM.Deploy.0 = Release|ARM
		{D38BC848-99C3-45CA-8160-B9C0D2FA7CA1}.Release|iPhone.ActiveCfg = Release|Any CPU
		{D38BC848-99C3-45CA-8160-B9C0D2FA7CA1}.Release|iPhone.Build.0 = Release|Any CPU
		{D38BC848-99C3-45CA-8160-B9C0D2FA7CA1}.Release|iPhone.Deploy.0 = Release|Any CPU
		{D38BC848-99C3-45CA-8160-B9C0D2FA7CA1}.Release|iPhoneSimulator.ActiveCfg = Release|Any CPU
		{D38BC848-99C3-45CA-8160-B9C0D2FA7CA1}.Release|iPhoneSimulator.Build.0 = Release|Any CPU
		{D38BC848-99C3-45CA-8160-B9C0D2FA7CA1}.Release|iPhoneSimulator.Deploy.0 = Release|Any CPU
		{D38BC848-99C3-45CA-8160-B9C0D2FA7CA1}.Release|x64.ActiveCfg = Release|x64
		{D38BC848-99C3-45CA-8160-B9C0D2FA7CA1}.Release|x64.Build.0 = Release|x64
		{D38BC848-99C3-45CA-8160-B9C0D2FA7CA1}.Release|x64.Deploy.0 = Release|x64
		{D38BC848-99C3-45CA-8160-B9C0D2FA7CA1}.Release|x86.ActiveCfg = Release|x86
		{D38BC848-99C3-45CA-8160-B9C0D2FA7CA1}.Release|x86.Build.0 = Release|x86
		{D38BC848-99C3-45CA-8160-B9C0D2FA7CA1}.Release|x86.Deploy.0 = Release|x86
	EndGlobalSection
	GlobalSection(SolutionProperties) = preSolution
		HideSolutionNode = FALSE
	EndGlobalSection
EndGlobal
